{
  "name": "octranspo-new-ways-to-bus",
  "version": "1.0.0",
  "lockfileVersion": 3,
  "requires": true,
  "packages": {
    "": {
      "name": "octranspo-new-ways-to-bus",
      "version": "1.0.0",
      "license": "MIT",
      "dependencies": {
        "csv-stringify": "^6.5.1",
        "dom-parser": "^1.1.5",
        "he": "^1.2.0"
      }
    },
    "node_modules/csv-stringify": {
      "version": "6.5.1",
      "resolved": "https://registry.npmjs.org/csv-stringify/-/csv-stringify-6.5.1.tgz",
      "integrity": "sha512-+9lpZfwpLntpTIEpFbwQyWuW/hmI/eHuJZD1XzeZpfZTqkf1fyvBbBLXTJJMsBuuS11uTShMqPwzx4A6ffXgRQ=="
    },
    "node_modules/dom-parser": {
      "version": "1.1.5",
      "resolved": "https://registry.npmjs.org/dom-parser/-/dom-parser-1.1.5.tgz",
      "integrity": "sha512-lCiFG48ZUzGXjKN0qhSkxD/i3ndyV6I37zQ3W2VFYLjF1ob8A+QgSsM7Ps2UT0d3LpJxLMmMHiJJ34z5hkKLiA=="
    },
    "node_modules/he": {
      "version": "1.2.0",
      "resolved": "https://registry.npmjs.org/he/-/he-1.2.0.tgz",
      "integrity": "sha512-F/1DnUGPopORZi0ni+CvrCgHQ5FyEAHRLSApuYWMmrbSwoN2Mn/7k+Gl38gJnR7yyDZk6WLXwiGod1JOWNDKGw==",
      "bin": {
        "he": "bin/he"
      }
    }
  }
}
